# This file is automatically @generated by Cargo.
# It is not intended for manual editing.
version = 4

[[package]]
name = "aho-corasick"
version = "1.1.4"
source = "registry+https://github.com/rust-lang/crates.io-index"
checksum = "ddd31a130427c27518df266943a5308ed92d4b226cc639f5a8f1002816174301"
dependencies = [
 "memchr",
]

[[package]]
name = "allocator-api2"
version = "0.2.21"
source = "registry+https://github.com/rust-lang/crates.io-index"
checksum = "683d7910e743518b0e34f1186f92494becacb047c7b6bf616c96772180fef923"

[[package]]
name = "arrayref"
version = "0.3.9"
source = "registry+https://github.com/rust-lang/crates.io-index"
checksum = "76a2e8124351fda1ef8aaaa3bbd7ebbcb486bbcd4225aca0aa0d84bb2db8fecb"

[[package]]
name = "arrayvec"
version = "0.7.6"
source = "registry+https://github.com/rust-lang/crates.io-index"
checksum = "7c02d123df017efcdfbd739ef81735b36c5ba83ec3c59c80a9d7ecc718f92e50"

[[package]]
name = "async-channel"
version = "2.5.0"
source = "registry+https://github.com/rust-lang/crates.io-index"
checksum = "924ed96dd52d1b75e9c1a3e6275715fd320f5f9439fb5a4a11fa51f4221158d2"
dependencies = [
 "concurrent-queue",
 "event-listener-strategy",
 "futures-core",
 "pin-project-lite",
]

[[package]]
name = "async-lock"
version = "3.4.2"
source = "registry+https://github.com/rust-lang/crates.io-index"
checksum = "290f7f2596bd5b78a9fec8088ccd89180d7f9f55b94b0576823bbbdc72ee8311"
dependencies = [
 "event-listener",
 "event-listener-strategy",
 "pin-project-lite",
]

[[package]]
name = "atomic-wait"
version = "1.1.0"
source = "registry+https://github.com/rust-lang/crates.io-index"
checksum = "a55b94919229f2c42292fd71ffa4b75e83193bffdd77b1e858cd55fd2d0b0ea8"
dependencies = [
 "libc",
 "windows-sys 0.42.0",
]

[[package]]
name = "autocfg"
version = "1.5.0"
source = "registry+https://github.com/rust-lang/crates.io-index"
checksum = "c08606f8c3cbf4ce6ec8e28fb0014a2c086708fe954eaa885384a6165172e7e8"

[[package]]
name = "bincode"
version = "2.0.1"
source = "registry+https://github.com/rust-lang/crates.io-index"
checksum = "36eaf5d7b090263e8150820482d5d93cd964a81e4019913c972f4edcc6edb740"
dependencies = [
 "bincode_derive",
 "serde",
 "unty",
]

[[package]]
name = "bincode_derive"
version = "2.0.1"
source = "registry+https://github.com/rust-lang/crates.io-index"
checksum = "bf95709a440f45e986983918d0e8a1f30a9b1df04918fc828670606804ac3c09"
dependencies = [
 "virtue",
]

[[package]]
name = "bitflags"
version = "2.11.0"
source = "registry+https://github.com/rust-lang/crates.io-index"
checksum = "843867be96c8daad0d758b57df9392b6d8d271134fce549de6ce169ff98a92af"

[[package]]
name = "blake3"
version = "1.8.3"
source = "registry+https://github.com/rust-lang/crates.io-index"
checksum = "2468ef7d57b3fb7e16b576e8377cdbde2320c60e1491e961d11da40fc4f02a2d"
dependencies = [
 "arrayref",
 "arrayvec",
 "cc",
 "cfg-if",
 "constant_time_eq",
 "cpufeatures",
]

[[package]]
name = "bumpalo"
version = "3.20.2"
source = "registry+https://github.com/rust-lang/crates.io-index"
checksum = "5d20789868f4b01b2f2caec9f5c4e0213b41e3e5702a50157d699ae31ced2fcb"

[[package]]
name = "bytes"
version = "1.11.1"
source = "registry+https://github.com/rust-lang/crates.io-index"
checksum = "1e748733b7cbc798e1434b6ac524f0c1ff2ab456fe201501e6497c8417a4fc33"

[[package]]
name = "camino"
version = "1.2.2"
source = "registry+https://github.com/rust-lang/crates.io-index"
checksum = "e629a66d692cb9ff1a1c664e41771b3dcaf961985a9774c0eb0bd1b51cf60a48"

[[package]]
name = "cc"
version = "1.2.57"
source = "registry+https://github.com/rust-lang/crates.io-index"
checksum = "7a0dd1ca384932ff3641c8718a02769f1698e7563dc6974ffd03346116310423"
dependencies = [
 "find-msvc-tools",
 "shlex",
]

[[package]]
name = "cfg-if"
version = "1.0.4"
source = "registry+https://github.com/rust-lang/crates.io-index"
checksum = "9330f8b2ff13f34540b44e946ef35111825727b38d33286ef986142615121801"

[[package]]
name = "colored"
version = "3.1.1"
source = "registry+https://github.com/rust-lang/crates.io-index"
checksum = "faf9468729b8cbcea668e36183cb69d317348c2e08e994829fb56ebfdfbaac34"
dependencies = [
 "windows-sys 0.61.2",
]

[[package]]
name = "concurrent-queue"
version = "2.5.0"
source = "registry+https://github.com/rust-lang/crates.io-index"
checksum = "4ca0197aee26d1ae37445ee532fefce43251d24cc7c166799f4d46817f1d3973"
dependencies = [
 "crossbeam-utils",
]

[[package]]
name = "const-fnv1a-hash"
version = "1.1.0"
source = "registry+https://github.com/rust-lang/crates.io-index"
checksum = "32b13ea120a812beba79e34316b3942a857c86ec1593cb34f27bb28272ce2cca"

[[package]]
name = "constant_time_eq"
version = "0.4.2"
source = "registry+https://github.com/rust-lang/crates.io-index"
checksum = "3d52eff69cd5e647efe296129160853a42795992097e8af39800e1060caeea9b"

[[package]]
name = "cpufeatures"
version = "0.2.17"
source = "registry+https://github.com/rust-lang/crates.io-index"
checksum = "59ed5838eebb26a2bb2e58f6d5b5316989ae9d08bab10e0e6d103e656d1b0280"
dependencies = [
 "libc",
]

[[package]]
name = "crossbeam-utils"
version = "0.8.21"
source = "registry+https://github.com/rust-lang/crates.io-index"
checksum = "d0a5c400df2834b80a4c3327b3aad3a4c4cd4de0629063962b03235697506a28"

[[package]]
name = "ctor"
version = "0.2.9"
source = "registry+https://github.com/rust-lang/crates.io-index"
checksum = "32a2785755761f3ddc1492979ce1e48d2c00d09311c39e4466429188f3dd6501"
dependencies = [
 "quote",
 "syn",
]

[[package]]
name = "equivalent"
version = "1.0.2"
source = "registry+https://github.com/rust-lang/crates.io-index"
checksum = "877a4ace8713b0bcf2a4e7eec82529c029f1d0619886d18145fea96c3ffe5c0f"

[[package]]
name = "errno"
version = "0.3.14"
source = "registry+https://github.com/rust-lang/crates.io-index"
checksum = "39cab71617ae0d63f51a36d69f866391735b51691dbda63cf6f96d042b63efeb"
dependencies = [
 "libc",
 "windows-sys 0.61.2",
]

[[package]]
name = "event-listener"
version = "5.4.1"
source = "registry+https://github.com/rust-lang/crates.io-index"
checksum = "e13b66accf52311f30a0db42147dadea9850cb48cd070028831ae5f5d4b856ab"
dependencies = [
 "concurrent-queue",
 "parking",
 "pin-project-lite",
]

[[package]]
name = "event-listener-strategy"
version = "0.5.4"
source = "registry+https://github.com/rust-lang/crates.io-index"
checksum = "8be9f3dfaaffdae2972880079a491a1a8bb7cbed0b8dd7a347f668b4150a3b93"
dependencies = [
 "event-listener",
 "pin-project-lite",
]

[[package]]
name = "facet"
version = "0.44.3"
source = "registry+https://github.com/rust-lang/crates.io-index"
checksum = "4aa60b7d3d49d30f477f9490b7fc3ce42009b5b626b625b0356742884c493a11"
dependencies = [
 "autocfg",
 "facet-core",
 "facet-macros",
 "facet-reflect",
]

[[package]]
name = "facet-cargo-toml"
version = "0.44.0"
source = "registry+https://github.com/rust-lang/crates.io-index"
checksum = "d1dfe5ee67dafa3ee39af19b47e0da41337f72e7e0e841f4400dec966b8cafa8"
dependencies = [
 "camino",
 "facet",
 "facet-error",
 "facet-format",
 "facet-reflect",
 "facet-toml",
 "facet-value",
]

[[package]]
name = "facet-cbor"
version = "0.2.0"
source = "git+https://github.com/bearcove/vox#53bff486b71b828656ff17395f27e0cb631fe488"
dependencies = [
 "facet",
 "facet-core",
 "facet-reflect",
]

[[package]]
name = "facet-core"
version = "0.44.3"
source = "registry+https://github.com/rust-lang/crates.io-index"
checksum = "11f9ee47507f15c18243a8cba3b2a85b71176173f0097e9164a54dd4e4e3e4ce"
dependencies = [
 "autocfg",
 "camino",
 "const-fnv1a-hash",
 "iddqd",
 "impls",
]

[[package]]
name = "facet-dessert"
version = "0.44.5"
source = "registry+https://github.com/rust-lang/crates.io-index"
checksum = "0fb18a3e7ee90139051f679390662ae158439c1564b73b482676b9a3862d13c0"
dependencies = [
 "facet-core",
 "facet-reflect",
]

[[package]]
name = "facet-error"
version = "0.44.2"
source = "registry+https://github.com/rust-lang/crates.io-index"
checksum = "e52e65185a5de4936eff61375af131d2677d78d25dfa8999b3bc498b3a5dedfb"
dependencies = [
 "facet",
]

[[package]]
name = "facet-format"
version = "0.44.5"
source = "registry+https://github.com/rust-lang/crates.io-index"
checksum = "d87b44b7183a982f8c9889b7ec50bf8f1a38318a77069084436cc908bb1e5e96"
dependencies = [
 "facet-core",
 "facet-dessert",
 "facet-path",
 "facet-reflect",
 "facet-solver",
]

[[package]]
name = "facet-json"
version = "0.44.5"
source = "registry+https://github.com/rust-lang/crates.io-index"
checksum = "81791a228a3d57e2e982430f92ad2a219feaca8f21234316a830246594f64e84"
dependencies = [
 "facet",
 "facet-core",
 "facet-format",
 "facet-reflect",
 "memchr",
]

[[package]]
name = "facet-macro-parse"
version = "0.44.3"
source = "registry+https://github.com/rust-lang/crates.io-index"
checksum = "e77becc35b3b3008e7b3ef23356954e46561177316aff0a92c73fc6ddb2a15a0"
dependencies = [
 "facet-macro-types",
 "proc-macro2",
 "quote",
]

[[package]]
name = "facet-macro-types"
version = "0.44.3"
source = "registry+https://github.com/rust-lang/crates.io-index"
checksum = "8e600db5983cdad99db3b34adfa20b546d80f21ab8feecd35d40bbbfbcf53b5c"
dependencies = [
 "proc-macro2",
 "quote",
 "unsynn",
]

[[package]]
name = "facet-macros"
version = "0.44.3"
source = "registry+https://github.com/rust-lang/crates.io-index"
checksum = "a3a7015e119aa043740dc8aee6b1b70e26b6616e1701b329496bf04990f44133"
dependencies = [
 "facet-macros-impl",
]

[[package]]
name = "facet-macros-impl"
version = "0.44.3"
source = "registry+https://github.com/rust-lang/crates.io-index"
checksum = "cbb5e6f6cc64210ab12aa625b014db78d34d6a3b63d1011382c141518a1e1f78"
dependencies = [
 "facet-macro-parse",
 "facet-macro-types",
 "proc-macro2",
 "quote",
 "strsim",
 "unsynn",
]

[[package]]
name = "facet-path"
version = "0.44.3"
source = "registry+https://github.com/rust-lang/crates.io-index"
checksum = "77e7b83cb0de7c00d6e76f08d36b047d6cb9efc39e10744dbcf7a4a5a19c4903"
dependencies = [
 "facet-core",
]

[[package]]
name = "facet-reflect"
version = "0.44.3"
source = "registry+https://github.com/rust-lang/crates.io-index"
checksum = "e9cc255bd928399489868fdddec09e69073d622432cc2b52cfa3c3a5d811305c"
dependencies = [
 "facet-core",
 "facet-path",
 "hashbrown",
 "regex",
 "smallvec 2.0.0-alpha.12",
]

[[package]]
name = "facet-solver"
version = "0.44.3"
source = "registry+https://github.com/rust-lang/crates.io-index"
checksum = "b4d2427360875510d60267f4bb132f47aa4f5714896be9ca11c516f14542118d"
dependencies = [
 "facet-core",
 "facet-reflect",
 "strsim",
]

[[package]]
name = "facet-toml"
version = "0.44.5"
source = "registry+https://github.com/rust-lang/crates.io-index"
checksum = "ed9e781ae29e06f148fafa48c418c12666736bb5538246b4a7682431c0fe17c9"
dependencies = [
 "facet-core",
 "facet-format",
 "facet-reflect",
 "toml_parser",
]

[[package]]
name = "facet-value"
version = "0.44.5"
source = "registry+https://github.com/rust-lang/crates.io-index"
checksum = "5edd5a4a2cb835ea6e0fc5a896a105505ddbde1bc1fa1e7e7f38bcc639eec5d8"
dependencies = [
 "facet-core",
 "facet-format",
 "facet-reflect",
 "indexmap",
]

[[package]]
name = "find-msvc-tools"
version = "0.1.9"
source = "registry+https://github.com/rust-lang/crates.io-index"
checksum = "5baebc0774151f905a1a2cc41989300b1e6fbb29aff0ceffa1064fdd3088d582"

[[package]]
name = "foldhash"
version = "0.2.0"
source = "registry+https://github.com/rust-lang/crates.io-index"
checksum = "77ce24cb58228fbb8aa041425bb1050850ac19177686ea6e0f41a70416f56fdb"

[[package]]
name = "futures-channel"
version = "0.3.32"
source = "registry+https://github.com/rust-lang/crates.io-index"
checksum = "07bbe89c50d7a535e539b8c17bc0b49bdb77747034daa8087407d655f3f7cc1d"
dependencies = [
 "futures-core",
]

[[package]]
name = "futures-core"
version = "0.3.32"
source = "registry+https://github.com/rust-lang/crates.io-index"
checksum = "7e3450815272ef58cec6d564423f6e755e25379b217b0bc688e295ba24df6b1d"

[[package]]
name = "futures-task"
version = "0.3.32"
source = "registry+https://github.com/rust-lang/crates.io-index"
checksum = "037711b3d59c33004d3856fbdc83b99d4ff37a24768fa1be9ce3538a1cde4393"

[[package]]
name = "futures-util"
version = "0.3.32"
source = "registry+https://github.com/rust-lang/crates.io-index"
checksum = "389ca41296e6190b48053de0321d02a77f32f8a5d2461dd38762c0593805c6d6"
dependencies = [
 "futures-core",
 "futures-task",
 "pin-project-lite",
 "slab",
]

[[package]]
name = "getrandom"
version = "0.3.4"
source = "registry+https://github.com/rust-lang/crates.io-index"
checksum = "899def5c37c4fd7b2664648c28120ecec138e4d395b459e5ca34f9cce2dd77fd"
dependencies = [
 "cfg-if",
 "js-sys",
 "libc",
 "r-efi",
 "wasip2",
 "wasm-bindgen",
]

[[package]]
name = "gloo-timers"
version = "0.3.0"
source = "registry+https://github.com/rust-lang/crates.io-index"
checksum = "bbb143cf96099802033e0d4f4963b19fd2e0b728bcf076cd9cf7f6634f092994"
dependencies = [
 "futures-channel",
 "futures-core",
 "js-sys",
 "wasm-bindgen",
]

[[package]]
name = "hashbrown"
version = "0.16.1"
source = "registry+https://github.com/rust-lang/crates.io-index"
checksum = "841d1cc9bed7f9236f321df977030373f4a4163ae1a7dbfe1a51a2c1a51d9100"
dependencies = [
 "allocator-api2",
 "equivalent",
 "foldhash",
]

[[package]]
name = "heck"
version = "0.5.0"
source = "registry+https://github.com/rust-lang/crates.io-index"
checksum = "2304e00983f87ffb38b55b444b5e3b60a884b5d30c0fca7d82fe33449bbe55ea"

[[package]]
name = "iddqd"
version = "0.3.17"
source = "registry+https://github.com/rust-lang/crates.io-index"
checksum = "6b215e67ed1d1a4b1702acd787c487d16e4c977c5dcbcc4587bdb5ea26b6ce06"
dependencies = [
 "allocator-api2",
 "equivalent",
 "foldhash",
 "hashbrown",
 "rustc-hash",
]

[[package]]
name = "impls"
version = "1.0.3"
source = "registry+https://github.com/rust-lang/crates.io-index"
checksum = "7a46645bbd70538861a90d0f26c31537cdf1e44aae99a794fb75a664b70951bc"

[[package]]
name = "indexmap"
version = "2.13.0"
source = "registry+https://github.com/rust-lang/crates.io-index"
checksum = "7714e70437a7dc3ac8eb7e6f8df75fd8eb422675fc7678aff7364301092b1017"
dependencies = [
 "equivalent",
 "hashbrown",
]

[[package]]
name = "js-sys"
version = "0.3.91"
source = "registry+https://github.com/rust-lang/crates.io-index"
checksum = "b49715b7073f385ba4bc528e5747d02e66cb39c6146efb66b781f131f0fb399c"
dependencies = [
 "once_cell",
 "wasm-bindgen",
]

[[package]]
name = "libc"
version = "0.2.183"
source = "registry+https://github.com/rust-lang/crates.io-index"
checksum = "b5b646652bf6661599e1da8901b3b9522896f01e736bad5f723fe7a3a27f899d"

[[package]]
name = "lock_api"
version = "0.4.14"
source = "registry+https://github.com/rust-lang/crates.io-index"
checksum = "224399e74b87b5f3557511d98dff8b14089b3dadafcab6bb93eab67d3aace965"
dependencies = [
 "scopeguard",
]

[[package]]
name = "memchr"
version = "2.8.0"
source = "registry+https://github.com/rust-lang/crates.io-index"
checksum = "f8ca58f447f06ed17d5fc4043ce1b10dd205e060fb3ce5b979b8ed8e59ff3f79"

[[package]]
name = "mio"
version = "1.1.1"
source = "registry+https://github.com/rust-lang/crates.io-index"
checksum = "a69bcab0ad47271a0234d9422b131806bf3968021e5dc9328caf2d4cd58557fc"
dependencies = [
 "libc",
 "wasi",
 "windows-sys 0.61.2",
]

[[package]]
name = "moire"
version = "1.0.0"
source = "git+https://github.com/bearcove/moire?rev=13eac79#13eac79c1b128282dd792a611319d0a1016ad15d"
dependencies = [
 "moire-macros-noop",
 "moire-tokio",
 "moire-wasm",
]

[[package]]
name = "moire-macros-noop"
version = "1.0.0"
source = "git+https://github.com/bearcove/moire?rev=13eac79#13eac79c1b128282dd792a611319d0a1016ad15d"

[[package]]
name = "moire-runtime"
version = "1.0.0"
source = "git+https://github.com/bearcove/moire?rev=13eac79#13eac79c1b128282dd792a611319d0a1016ad15d"
dependencies = [
 "ctor",
 "facet",
 "facet-json",
 "facet-value",
 "moire-trace-capture",
 "moire-trace-types",
 "moire-types",
 "moire-wire",
 "tokio",
]

[[package]]
name = "moire-tokio"
version = "1.0.0"
source = "git+https://github.com/bearcove/moire?rev=13eac79#13eac79c1b128282dd792a611319d0a1016ad15d"
dependencies = [
 "moire-runtime",
 "moire-types",
 "parking_lot",
 "tokio",
]

[[package]]
name = "moire-trace-capture"
version = "1.0.0"
source = "git+https://github.com/bearcove/moire?rev=13eac79#13eac79c1b128282dd792a611319d0a1016ad15d"
dependencies = [
 "libc",
 "moire-trace-types",
]

[[package]]
name = "moire-trace-types"
version = "1.0.0"
source = "git+https://github.com/bearcove/moire?rev=13eac79#13eac79c1b128282dd792a611319d0a1016ad15d"
dependencies = [
 "facet",
]

[[package]]
name = "moire-types"
version = "1.0.0"
source = "git+https://github.com/bearcove/moire?rev=13eac79#13eac79c1b128282dd792a611319d0a1016ad15d"
dependencies = [
 "facet",
 "facet-value",
 "moire-trace-types",
]

[[package]]
name = "moire-wasm"
version = "1.0.0"
source = "git+https://github.com/bearcove/moire?rev=13eac79#13eac79c1b128282dd792a611319d0a1016ad15d"
dependencies = [
 "async-channel",
 "async-lock",
 "event-listener",
 "futures-channel",
 "futures-util",
 "gloo-timers",
 "moire-types",
 "wasm-bindgen-futures",
]

[[package]]
name = "moire-wire"
version = "1.0.0"
source = "git+https://github.com/bearcove/moire?rev=13eac79#13eac79c1b128282dd792a611319d0a1016ad15d"
dependencies = [
 "facet",
 "facet-json",
 "moire-trace-types",
 "moire-types",
]

[[package]]
name = "monmon-dbg"
version = "0.1.0"
dependencies = [
 "colored",
 "monmon-impl",
 "monmon-proc",
 "num-traits",
 "rand",
]

[[package]]
name = "monmon-impl"
version = "0.1.0"
dependencies = [
 "atomic-wait",
 "bincode",
 "vox",
]

[[package]]
name = "monmon-proc"
version = "0.1.0"
dependencies = [
 "proc-macro2",
 "quote",
 "syn",
]

[[package]]
name = "mutants"
version = "0.0.3"
source = "registry+https://github.com/rust-lang/crates.io-index"
checksum = "bc0287524726960e07b119cebd01678f852f147742ae0d925e6a520dca956126"

[[package]]
name = "num-traits"
version = "0.2.19"
source = "registry+https://github.com/rust-lang/crates.io-index"
checksum = "071dfc062690e90b734c0b2273ce72ad0ffa95f0c74596bc250dcfd960262841"
dependencies = [
 "autocfg",
]

[[package]]
name = "once_cell"
version = "1.21.4"
source = "registry+https://github.com/rust-lang/crates.io-index"
checksum = "9f7c3e4beb33f85d45ae3e3a1792185706c8e16d043238c593331cc7cd313b50"

[[package]]
name = "parking"
version = "2.2.1"
source = "registry+https://github.com/rust-lang/crates.io-index"
checksum = "f38d5652c16fde515bb1ecef450ab0f6a219d619a7274976324d5e377f7dceba"

[[package]]
name = "parking_lot"
version = "0.12.5"
source = "registry+https://github.com/rust-lang/crates.io-index"
checksum = "93857453250e3077bd71ff98b6a65ea6621a19bb0f559a85248955ac12c45a1a"
dependencies = [
 "lock_api",
 "parking_lot_core",
]

[[package]]
name = "parking_lot_core"
version = "0.9.12"
source = "registry+https://github.com/rust-lang/crates.io-index"
checksum = "2621685985a2ebf1c516881c026032ac7deafcda1a2c9b7850dc81e3dfcb64c1"
dependencies = [
 "cfg-if",
 "libc",
 "redox_syscall",
 "smallvec 1.15.1",
 "windows-link",
]

[[package]]
name = "pin-project-lite"
version = "0.2.17"
source = "registry+https://github.com/rust-lang/crates.io-index"
checksum = "a89322df9ebe1c1578d689c92318e070967d1042b512afbe49518723f4e6d5cd"

[[package]]
name = "ppv-lite86"
version = "0.2.21"
source = "registry+https://github.com/rust-lang/crates.io-index"
checksum = "85eae3c4ed2f50dcfe72643da4befc30deadb458a9b590d720cde2f2b1e97da9"
dependencies = [
 "zerocopy",
]

[[package]]
name = "proc-macro2"
version = "1.0.106"
source = "registry+https://github.com/rust-lang/crates.io-index"
checksum = "8fd00f0bb2e90d81d1044c2b32617f68fcb9fa3bb7640c23e9c748e53fb30934"
dependencies = [
 "unicode-ident",
]

[[package]]
name = "quote"
version = "1.0.45"
source = "registry+https://github.com/rust-lang/crates.io-index"
checksum = "41f2619966050689382d2b44f664f4bc593e129785a36d6ee376ddf37259b924"
dependencies = [
 "proc-macro2",
]

[[package]]
name = "r-efi"
version = "5.3.0"
source = "registry+https://github.com/rust-lang/crates.io-index"
checksum = "69cdb34c158ceb288df11e18b4bd39de994f6657d83847bdffdbd7f346754b0f"

[[package]]
name = "rand"
version = "0.9.2"
source = "registry+https://github.com/rust-lang/crates.io-index"
checksum = "6db2770f06117d490610c7488547d543617b21bfa07796d7a12f6f1bd53850d1"
dependencies = [
 "rand_chacha",
 "rand_core",
]

[[package]]
name = "rand_chacha"
version = "0.9.0"
source = "registry+https://github.com/rust-lang/crates.io-index"
checksum = "d3022b5f1df60f26e1ffddd6c66e8aa15de382ae63b3a0c1bfc0e4d3e3f325cb"
dependencies = [
 "ppv-lite86",
 "rand_core",
]

[[package]]
name = "rand_core"
version = "0.9.5"
source = "registry+https://github.com/rust-lang/crates.io-index"
checksum = "76afc826de14238e6e8c374ddcc1fa19e374fd8dd986b0d2af0d02377261d83c"
dependencies = [
 "getrandom",
]

[[package]]
name = "redox_syscall"
version = "0.5.18"
source = "registry+https://github.com/rust-lang/crates.io-index"
checksum = "ed2bf2547551a7053d6fdfafda3f938979645c44812fbfcda098faae3f1a362d"
dependencies = [
 "bitflags",
]

[[package]]
name = "regex"
version = "1.12.3"
source = "registry+https://github.com/rust-lang/crates.io-index"
checksum = "e10754a14b9137dd7b1e3e5b0493cc9171fdd105e0ab477f51b72e7f3ac0e276"
dependencies = [
 "aho-corasick",
 "memchr",
 "regex-automata",
 "regex-syntax",
]

[[package]]
name = "regex-automata"
version = "0.4.14"
source = "registry+https://github.com/rust-lang/crates.io-index"
checksum = "6e1dd4122fc1595e8162618945476892eefca7b88c52820e74af6262213cae8f"
dependencies = [
 "aho-corasick",
 "memchr",
 "regex-syntax",
]

[[package]]
name = "regex-syntax"
version = "0.8.10"
source = "registry+https://github.com/rust-lang/crates.io-index"
checksum = "dc897dd8d9e8bd1ed8cdad82b5966c3e0ecae09fb1907d58efaa013543185d0a"

[[package]]
name = "rustc-hash"
version = "2.1.1"
source = "registry+https://github.com/rust-lang/crates.io-index"
checksum = "357703d41365b4b27c590e3ed91eabb1b663f07c4c084095e60cbed4362dff0d"

[[package]]
name = "rustversion"
version = "1.0.22"
source = "registry+https://github.com/rust-lang/crates.io-index"
checksum = "b39cdef0fa800fc44525c84ccb54a029961a8215f9619753635a9c0d2538d46d"

[[package]]
name = "scopeguard"
version = "1.2.0"
source = "registry+https://github.com/rust-lang/crates.io-index"
checksum = "94143f37725109f92c262ed2cf5e59bce7498c01bcc1502d7b9afe439a4e9f49"

[[package]]
name = "serde"
version = "1.0.228"
source = "registry+https://github.com/rust-lang/crates.io-index"
checksum = "9a8e94ea7f378bd32cbbd37198a4a91436180c5bb472411e48b5ec2e2124ae9e"
dependencies = [
 "serde_core",
]

[[package]]
name = "serde_core"
version = "1.0.228"
source = "registry+https://github.com/rust-lang/crates.io-index"
checksum = "41d385c7d4ca58e59fc732af25c3983b67ac852c1a25000afe1175de458b67ad"
dependencies = [
 "serde_derive",
]

[[package]]
name = "serde_derive"
version = "1.0.228"
source = "registry+https://github.com/rust-lang/crates.io-index"
checksum = "d540f220d3187173da220f885ab66608367b6574e925011a9353e4badda91d79"
dependencies = [
 "proc-macro2",
 "quote",
 "syn",
]

[[package]]
name = "shlex"
version = "1.3.0"
source = "registry+https://github.com/rust-lang/crates.io-index"
checksum = "0fda2ff0d084019ba4d7c6f371c95d8fd75ce3524c3cb8fb653a3023f6323e64"

[[package]]
name = "signal-hook-registry"
version = "1.4.8"
source = "registry+https://github.com/rust-lang/crates.io-index"
checksum = "c4db69cba1110affc0e9f7bcd48bbf87b3f4fc7c61fc9155afd4c469eb3d6c1b"
dependencies = [
 "errno",
 "libc",
]

[[package]]
name = "slab"
version = "0.4.12"
source = "registry+https://github.com/rust-lang/crates.io-index"
checksum = "0c790de23124f9ab44544d7ac05d60440adc586479ce501c1d6d7da3cd8c9cf5"

[[package]]
name = "smallvec"
version = "1.15.1"
source = "registry+https://github.com/rust-lang/crates.io-index"
checksum = "67b1b7a3b5fe4f1376887184045fcf45c69e92af734b7aaddc05fb777b6fbd03"

[[package]]
name = "smallvec"
version = "2.0.0-alpha.12"
source = "registry+https://github.com/rust-lang/crates.io-index"
checksum = "ef784004ca8777809dcdad6ac37629f0a97caee4c685fcea805278d81dd8b857"

[[package]]
name = "socket2"
version = "0.6.3"
source = "registry+https://github.com/rust-lang/crates.io-index"
checksum = "3a766e1110788c36f4fa1c2b71b387a7815aa65f88ce0229841826633d93723e"
dependencies = [
 "libc",
 "windows-sys 0.61.2",
]

[[package]]
name = "strsim"
version = "0.11.1"
source = "registry+https://github.com/rust-lang/crates.io-index"
checksum = "7da8b5736845d9f2fcb837ea5d9e2628564b3b043a70948a3f0b778838c5fb4f"

[[package]]
name = "structstruck"
version = "0.5.1"
source = "registry+https://github.com/rust-lang/crates.io-index"
checksum = "f318209842d04696a2c139cd3d5d4d75c4a9e2af435b077aa5cbd391a79c34b3"
dependencies = [
 "proc-macro2",
 "quote",
 "venial",
]

[[package]]
name = "syn"
version = "2.0.117"
source = "registry+https://github.com/rust-lang/crates.io-index"
checksum = "e665b8803e7b1d2a727f4023456bbbbe74da67099c585258af0ad9c5013b9b99"
dependencies = [
 "proc-macro2",
 "quote",
 "unicode-ident",
]

[[package]]
name = "tokio"
version = "1.50.0"
source = "registry+https://github.com/rust-lang/crates.io-index"
checksum = "27ad5e34374e03cfffefc301becb44e9dc3c17584f414349ebe29ed26661822d"
dependencies = [
 "bytes",
 "libc",
 "mio",
 "parking_lot",
 "pin-project-lite",
 "signal-hook-registry",
 "socket2",
 "tokio-macros",
 "windows-sys 0.61.2",
]

[[package]]
name = "tokio-macros"
version = "2.6.1"
source = "registry+https://github.com/rust-lang/crates.io-index"
checksum = "5c55a2eff8b69ce66c84f85e1da1c233edc36ceb85a2058d11b0d6a3c7e7569c"
dependencies = [
 "proc-macro2",
 "quote",
 "syn",
]

[[package]]
name = "toml_parser"
version = "1.1.0+spec-1.1.0"
source = "registry+https://github.com/rust-lang/crates.io-index"
checksum = "2334f11ee363607eb04df9b8fc8a13ca1715a72ba8662a26ac285c98aabb4011"
dependencies = [
 "winnow",
]

[[package]]
name = "tracing"
version = "0.1.44"
source = "registry+https://github.com/rust-lang/crates.io-index"
checksum = "63e71662fa4b2a2c3a26f570f037eb95bb1f85397f3cd8076caed2f026a6d100"
dependencies = [
 "pin-project-lite",
 "tracing-attributes",
 "tracing-core",
]

[[package]]
name = "tracing-attributes"
version = "0.1.31"
source = "registry+https://github.com/rust-lang/crates.io-index"
checksum = "7490cfa5ec963746568740651ac6781f701c9c5ea257c58e057f3ba8cf69e8da"
dependencies = [
 "proc-macro2",
 "quote",
 "syn",
]

[[package]]
name = "tracing-core"
version = "0.1.36"
source = "registry+https://github.com/rust-lang/crates.io-index"
checksum = "db97caf9d906fbde555dd62fa95ddba9eecfd14cb388e4f491a66d74cd5fb79a"
dependencies = [
 "once_cell",
]

[[package]]
name = "unicode-ident"
version = "1.0.24"
source = "registry+https://github.com/rust-lang/crates.io-index"
checksum = "e6e4313cd5fcd3dad5cafa179702e2b244f760991f45397d14d4ebf38247da75"

[[package]]
name = "unsynn"
version = "0.3.0"
source = "registry+https://github.com/rust-lang/crates.io-index"
checksum = "501a7adf1a4bd9951501e5c66621e972ef8874d787628b7f90e64f936ef7ec0a"
dependencies = [
 "mutants",
 "proc-macro2",
 "rustc-hash",
]

[[package]]
name = "unty"
version = "0.0.4"
source = "registry+https://github.com/rust-lang/crates.io-index"
checksum = "6d49784317cd0d1ee7ec5c716dd598ec5b4483ea832a2dced265471cc0f690ae"

[[package]]
name = "venial"
version = "0.5.0"
source = "registry+https://github.com/rust-lang/crates.io-index"
checksum = "61584a325b16f97b5b25fcc852eb9550843a251057a5e3e5992d2376f3df4bb2"
dependencies = [
 "proc-macro2",
 "quote",
]

[[package]]
name = "virtue"
version = "0.0.18"
source = "registry+https://github.com/rust-lang/crates.io-index"
checksum = "051eb1abcf10076295e815102942cc58f9d5e3b4560e46e53c21e8ff6f3af7b1"

[[package]]
name = "vox"
version = "0.2.0"
source = "git+https://github.com/bearcove/vox#53bff486b71b828656ff17395f27e0cb631fe488"
dependencies = [
 "facet",
 "tracing",
 "vox-core",
 "vox-postcard",
 "vox-service-macros",
 "vox-types",
]

[[package]]
name = "vox-core"
version = "0.2.0"
source = "git+https://github.com/bearcove/vox#53bff486b71b828656ff17395f27e0cb631fe488"
dependencies = [
 "facet",
 "facet-cbor",
 "facet-core",
 "facet-error",
 "facet-reflect",
 "getrandom",
 "moire",
 "smallvec 1.15.1",
 "tokio",
 "tracing",
 "vox-postcard",
 "vox-types",
 "wasm-bindgen-futures",
 "zerocopy",
]

[[package]]
name = "vox-macros-core"
version = "0.2.0"
source = "git+https://github.com/bearcove/vox#53bff486b71b828656ff17395f27e0cb631fe488"
dependencies = [
 "facet-cargo-toml",
 "heck",
 "proc-macro2",
 "quote",
 "vox-macros-parse",
]

[[package]]
name = "vox-macros-parse"
version = "0.2.0"
source = "git+https://github.com/bearcove/vox#53bff486b71b828656ff17395f27e0cb631fe488"
dependencies = [
 "proc-macro2",
 "unsynn",
]

[[package]]
name = "vox-postcard"
version = "0.2.0"
source = "git+https://github.com/bearcove/vox#53bff486b71b828656ff17395f27e0cb631fe488"
dependencies = [
 "facet",
 "facet-core",
 "facet-reflect",
 "vox-schema",
]

[[package]]
name = "vox-schema"
version = "0.2.0"
source = "git+https://github.com/bearcove/vox#53bff486b71b828656ff17395f27e0cb631fe488"
dependencies = [
 "blake3",
 "facet",
 "facet-cbor",
 "facet-core",
 "indexmap",
]

[[package]]
name = "vox-service-macros"
version = "0.2.0"
source = "git+https://github.com/bearcove/vox#53bff486b71b828656ff17395f27e0cb631fe488"
dependencies = [
 "proc-macro2",
 "vox-macros-core",
]

[[package]]
name = "vox-types"
version = "0.2.0"
source = "git+https://github.com/bearcove/vox#53bff486b71b828656ff17395f27e0cb631fe488"
dependencies = [
 "bitflags",
 "blake3",
 "facet",
 "facet-cbor",
 "facet-core",
 "facet-path",
 "futures-channel",
 "heck",
 "indexmap",
 "moire",
 "smallvec 1.15.1",
 "structstruck",
 "tokio",
 "vox-postcard",
 "vox-schema",
]

[[package]]
name = "wasi"
version = "0.11.1+wasi-snapshot-preview1"
source = "registry+https://github.com/rust-lang/crates.io-index"
checksum = "ccf3ec651a847eb01de73ccad15eb7d99f80485de043efb2f370cd654f4ea44b"

[[package]]
name = "wasip2"
version = "1.0.2+wasi-0.2.9"
source = "registry+https://github.com/rust-lang/crates.io-index"
checksum = "9517f9239f02c069db75e65f174b3da828fe5f5b945c4dd26bd25d89c03ebcf5"
dependencies = [
 "wit-bindgen",
]

[[package]]
name = "wasm-bindgen"
version = "0.2.114"
source = "registry+https://github.com/rust-lang/crates.io-index"
checksum = "6532f9a5c1ece3798cb1c2cfdba640b9b3ba884f5db45973a6f442510a87d38e"
dependencies = [
 "cfg-if",
 "once_cell",
 "rustversion",
 "wasm-bindgen-macro",
 "wasm-bindgen-shared",
]

[[package]]
name = "wasm-bindgen-futures"
version = "0.4.64"
source = "registry+https://github.com/rust-lang/crates.io-index"
checksum = "e9c5522b3a28661442748e09d40924dfb9ca614b21c00d3fd135720e48b67db8"
dependencies = [
 "cfg-if",
 "futures-util",
 "js-sys",
 "once_cell",
 "wasm-bindgen",
 "web-sys",
]

[[package]]
name = "wasm-bindgen-macro"
version = "0.2.114"
source = "registry+https://github.com/rust-lang/crates.io-index"
checksum = "18a2d50fcf105fb33bb15f00e7a77b772945a2ee45dcf454961fd843e74c18e6"
dependencies = [
 "quote",
 "wasm-bindgen-macro-support",
]

[[package]]
name = "wasm-bindgen-macro-support"
version = "0.2.114"
source = "registry+https://github.com/rust-lang/crates.io-index"
checksum = "03ce4caeaac547cdf713d280eda22a730824dd11e6b8c3ca9e42247b25c631e3"
dependencies = [
 "bumpalo",
 "proc-macro2",
 "quote",
 "syn",
 "wasm-bindgen-shared",
]

[[package]]
name = "wasm-bindgen-shared"
version = "0.2.114"
source = "registry+https://github.com/rust-lang/crates.io-index"
checksum = "75a326b8c223ee17883a4251907455a2431acc2791c98c26279376490c378c16"
dependencies = [
 "unicode-ident",
]

[[package]]
name = "web-sys"
version = "0.3.91"
source = "registry+https://github.com/rust-lang/crates.io-index"
checksum = "854ba17bb104abfb26ba36da9729addc7ce7f06f5c0f90f3c391f8461cca21f9"
dependencies = [
 "js-sys",
 "wasm-bindgen",
]

[[package]]
name = "windows-link"
version = "0.2.1"
source = "registry+https://github.com/rust-lang/crates.io-index"
checksum = "f0805222e57f7521d6a62e36fa9163bc891acd422f971defe97d64e70d0a4fe5"

[[package]]
name = "windows-sys"
version = "0.42.0"
source = "registry+https://github.com/rust-lang/crates.io-index"
checksum = "5a3e1820f08b8513f676f7ab6c1f99ff312fb97b553d30ff4dd86f9f15728aa7"
dependencies = [
 "windows_aarch64_gnullvm",
 "windows_aarch64_msvc",
 "windows_i686_gnu",
 "windows_i686_msvc",
 "windows_x86_64_gnu",
 "windows_x86_64_gnullvm",
 "windows_x86_64_msvc",
]

[[package]]
name = "windows-sys"
version = "0.61.2"
source = "registry+https://github.com/rust-lang/crates.io-index"
checksum = "ae137229bcbd6cdf0f7b80a31df61766145077ddf49416a728b02cb3921ff3fc"
dependencies = [
 "windows-link",
]

[[package]]
name = "windows_aarch64_gnullvm"
version = "0.42.2"
source = "registry+https://github.com/rust-lang/crates.io-index"
checksum = "597a5118570b68bc08d8d59125332c54f1ba9d9adeedeef5b99b02ba2b0698f8"

[[package]]
name = "windows_aarch64_msvc"
version = "0.42.2"
source = "registry+https://github.com/rust-lang/crates.io-index"
checksum = "e08e8864a60f06ef0d0ff4ba04124db8b0fb3be5776a5cd47641e942e58c4d43"

[[package]]
name = "windows_i686_gnu"
version = "0.42.2"
source = "registry+https://github.com/rust-lang/crates.io-index"
checksum = "c61d927d8da41da96a81f029489353e68739737d3beca43145c8afec9a31a84f"

[[package]]
name = "windows_i686_msvc"
version = "0.42.2"
source = "registry+https://github.com/rust-lang/crates.io-index"
checksum = "44d840b6ec649f480a41c8d80f9c65108b92d89345dd94027bfe06ac444d1060"

[[package]]
name = "windows_x86_64_gnu"
version = "0.42.2"
source = "registry+https://github.com/rust-lang/crates.io-index"
checksum = "8de912b8b8feb55c064867cf047dda097f92d51efad5b491dfb98f6bbb70cb36"

[[package]]
name = "windows_x86_64_gnullvm"
version = "0.42.2"
source = "registry+https://github.com/rust-lang/crates.io-index"
checksum = "26d41b46a36d453748aedef1486d5c7a85db22e56aff34643984ea85514e94a3"

[[package]]
name = "windows_x86_64_msvc"
version = "0.42.2"
source = "registry+https://github.com/rust-lang/crates.io-index"
checksum = "9aec5da331524158c6d1a4ac0ab1541149c0b9505fde06423b02f5ef0106b9f0"

[[package]]
name = "winnow"
version = "1.0.0"
source = "registry+https://github.com/rust-lang/crates.io-index"
checksum = "a90e88e4667264a994d34e6d1ab2d26d398dcdca8b7f52bec8668957517fc7d8"

[[package]]
name = "wit-bindgen"
version = "0.51.0"
source = "registry+https://github.com/rust-lang/crates.io-index"
checksum = "d7249219f66ced02969388cf2bb044a09756a083d0fab1e566056b04d9fbcaa5"

[[package]]
name = "zerocopy"
version = "0.8.47"
source = "registry+https://github.com/rust-lang/crates.io-index"
checksum = "efbb2a062be311f2ba113ce66f697a4dc589f85e78a4aea276200804cea0ed87"
dependencies = [
 "zerocopy-derive",
]

[[package]]
name = "zerocopy-derive"
version = "0.8.47"
source = "registry+https://github.com/rust-lang/crates.io-index"
checksum = "0e8bc7269b54418e7aeeef514aa68f8690b8c0489a06b0136e5f57c4c5ccab89"
dependencies = [
 "proc-macro2",
 "quote",
 "syn",
]
